
Microsoft Visual Studio Solution File, Format Version 12.00
# Visual Studio Version 17
VisualStudioVersion = 17.14.36511.14 d17.14
MinimumVisualStudioVersion = 10.0.40219.1
Project("{FAE04EC0-301F-11D3-BF4B-00C04F79EFBC}") = "ServicoEstoque", "ServicoEstoque\ServicoEstoque.csproj", "{D07695EF-1AD6-4B63-87B1-1557FCB0293D}"
EndProject
Project("{FAE04EC0-301F-11D3-BF4B-00C04F79EFBC}") = "ServicoFaturamento", "ServicoFaturamento\ServicoFaturamento.csproj", "{FFD49F12-9B58-4205-81B7-B9D483796943}"
EndProject
Global
	GlobalSection(SolutionConfigurationPlatforms) = preSolution
		Debug|Any CPU = Debug|Any CPU
		Release|Any CPU = Release|Any CPU
	EndGlobalSection
	GlobalSection(ProjectConfigurationPlatforms) = postSolution
		{D07695EF-1AD6-4B63-87B1-1557FCB0293D}.Debug|Any CPU.ActiveCfg = Debug|Any CPU
		{D07695EF-1AD6-4B63-87B1-1557FCB0293D}.Debug|Any CPU.Build.0 = Debug|Any CPU
		{D07695EF-1AD6-4B63-87B1-1557FCB0293D}.Release|Any CPU.ActiveCfg = Release|Any CPU
		{D07695EF-1AD6-4B63-87B1-1557FCB0293D}.Release|Any CPU.Build.0 = Release|Any CPU
		{FFD49F12-9B58-4205-81B7-B9D483796943}.Debug|Any CPU.ActiveCfg = Debug|Any CPU
		{FFD49F12-9B58-4205-81B7-B9D483796943}.Debug|Any CPU.Build.0 = Debug|Any CPU
		{FFD49F12-9B58-4205-81B7-B9D483796943}.Release|Any CPU.ActiveCfg = Release|Any CPU
		{FFD49F12-9B58-4205-81B7-B9D483796943}.Release|Any CPU.Build.0 = Release|Any CPU
	EndGlobalSection
	GlobalSection(SolutionProperties) = preSolution
		HideSolutionNode = FALSE
	EndGlobalSection
	GlobalSection(ExtensibilityGlobals) = postSolution
		SolutionGuid = {9B7D254A-DFC3-48BD-9910-47FE8A325616}
	EndGlobalSection
EndGlobal
